
Microsoft Visual Studio Solution File, Format Version 12.00
# Visual Studio Version 16
VisualStudioVersion = 16.0.32002.261
MinimumVisualStudioVersion = 10.0.40219.1
Project("{FAE04EC0-301F-11D3-BF4B-00C04F79EFBC}") = "eTickets", "eTickets\eTickets.csproj", "{05B16859-018D-4524-990D-A3B62A51F96F}"
EndProject
Global
	GlobalSection(SolutionConfigurationPlatforms) = preSolution
		Debug|Any CPU = Debug|Any CPU
		Release|Any CPU = Release|Any CPU
	EndGlobalSection
	GlobalSection(ProjectConfigurationPlatforms) = postSolution
		{05B16859-018D-4524-990D-A3B62A51F96F}.Debug|Any CPU.ActiveCfg = Debug|Any CPU
		{05B16859-018D-4524-990D-A3B62A51F96F}.Debug|Any CPU.Build.0 = Debug|Any CPU
		{05B16859-018D-4524-990D-A3B62A51F96F}.Release|Any CPU.ActiveCfg = Release|Any CPU
		{05B16859-018D-4524-990D-A3B62A51F96F}.Release|Any CPU.Build.0 = Release|Any CPU
	EndGlobalSection
	GlobalSection(SolutionProperties) = preSolution
		HideSolutionNode = FALSE
	EndGlobalSection
	GlobalSection(ExtensibilityGlobals) = postSolution
		SolutionGuid = {CE6004F0-AE87-43AC-AEED-C5ED559E36F0}
	EndGlobalSection
EndGlobal
